
Microsoft Visual Studio Solution File, Format Version 12.00
# Visual Studio Version 17
VisualStudioVersion = 17.2.32616.157
MinimumVisualStudioVersion = 10.0.40219.1
Project("{9A19103F-16F7-4668-BE54-9A1E7A4F7556}") = "DeveloperApiService", "DeveloperApiService\DeveloperApiService.csproj", "{ABD34399-5A47-4DCA-A8BE-3F2FD5557858}"
EndProject
Project("{9A19103F-16F7-4668-BE54-9A1E7A4F7556}") = "Models", "Models\Models.csproj", "{A9870B5E-ACF1-4C77-958E-7954B00F99BB}"
EndProject
Project("{FAE04EC0-301F-11D3-BF4B-00C04F79EFBC}") = "LoggerService", "LoggerService\LoggerService.csproj", "{D3ECC427-9FE6-4D88-849E-8B20B4C4D02B}"
EndProject
Project("{FAE04EC0-301F-11D3-BF4B-00C04F79EFBC}") = "Contracts", "Contracts\Contracts.csproj", "{C6DFBCD5-F4D3-49AB-A26D-2E9FD2FFE66B}"
EndProject
Global
	GlobalSection(SolutionConfigurationPlatforms) = preSolution
		Debug|Any CPU = Debug|Any CPU
		Release|Any CPU = Release|Any CPU
	EndGlobalSection
	GlobalSection(ProjectConfigurationPlatforms) = postSolution
		{ABD34399-5A47-4DCA-A8BE-3F2FD5557858}.Debug|Any CPU.ActiveCfg = Debug|Any CPU
		{ABD34399-5A47-4DCA-A8BE-3F2FD5557858}.Debug|Any CPU.Build.0 = Debug|Any CPU
		{ABD34399-5A47-4DCA-A8BE-3F2FD5557858}.Release|Any CPU.ActiveCfg = Release|Any CPU
		{ABD34399-5A47-4DCA-A8BE-3F2FD5557858}.Release|Any CPU.Build.0 = Release|Any CPU
		{A9870B5E-ACF1-4C77-958E-7954B00F99BB}.Debug|Any CPU.ActiveCfg = Debug|Any CPU
		{A9870B5E-ACF1-4C77-958E-7954B00F99BB}.Debug|Any CPU.Build.0 = Debug|Any CPU
		{A9870B5E-ACF1-4C77-958E-7954B00F99BB}.Release|Any CPU.ActiveCfg = Release|Any CPU
		{A9870B5E-ACF1-4C77-958E-7954B00F99BB}.Release|Any CPU.Build.0 = Release|Any CPU
		{D3ECC427-9FE6-4D88-849E-8B20B4C4D02B}.Debug|Any CPU.ActiveCfg = Debug|Any CPU
		{D3ECC427-9FE6-4D88-849E-8B20B4C4D02B}.Debug|Any CPU.Build.0 = Debug|Any CPU
		{D3ECC427-9FE6-4D88-849E-8B20B4C4D02B}.Release|Any CPU.ActiveCfg = Release|Any CPU
		{D3ECC427-9FE6-4D88-849E-8B20B4C4D02B}.Release|Any CPU.Build.0 = Release|Any CPU
		{C6DFBCD5-F4D3-49AB-A26D-2E9FD2FFE66B}.Debug|Any CPU.ActiveCfg = Debug|Any CPU
		{C6DFBCD5-F4D3-49AB-A26D-2E9FD2FFE66B}.Debug|Any CPU.Build.0 = Debug|Any CPU
		{C6DFBCD5-F4D3-49AB-A26D-2E9FD2FFE66B}.Release|Any CPU.ActiveCfg = Release|Any CPU
		{C6DFBCD5-F4D3-49AB-A26D-2E9FD2FFE66B}.Release|Any CPU.Build.0 = Release|Any CPU
	EndGlobalSection
	GlobalSection(SolutionProperties) = preSolution
		HideSolutionNode = FALSE
	EndGlobalSection
	GlobalSection(ExtensibilityGlobals) = postSolution
		SolutionGuid = {D93E340F-7FBE-4536-82DE-5CD0328FD3AB}
	EndGlobalSection
EndGlobal
